
Microsoft Visual Studio Solution File, Format Version 12.00
# Visual Studio Version 16
VisualStudioVersion = 16.0.32510.428
MinimumVisualStudioVersion = 10.0.40219.1
Project("{FAE04EC0-301F-11D3-BF4B-00C04F79EFBC}") = "Sales.UWP", "Sales\Sales.UWP\Sales.UWP.csproj", "{098B8947-8463-44BE-988F-0EB4FA81DF1D}"
EndProject
Project("{FAE04EC0-301F-11D3-BF4B-00C04F79EFBC}") = "Sales.Android", "Sales\Sales.Android\Sales.Android.csproj", "{185552C9-3C67-4B53-9BB0-0FA628798876}"
EndProject
Project("{FAE04EC0-301F-11D3-BF4B-00C04F79EFBC}") = "Sales.iOS", "Sales\Sales.iOS\Sales.iOS.csproj", "{DC8394E2-C5F8-4F78-ADC1-20BCC193CC18}"
EndProject
Project("{9A19103F-16F7-4668-BE54-9A1E7A4F7556}") = "Sales", "Sales\Sales\Sales.csproj", "{58339E0F-624B-4F71-AF74-0A82596C3A9A}"
EndProject
Project("{FAE04EC0-301F-11D3-BF4B-00C04F79EFBC}") = "Sales.Backend", "Sales.Backend\Sales.Backend.csproj", "{43D6ECA5-E701-48E2-8ABB-D1D68880023B}"
EndProject
Project("{FAE04EC0-301F-11D3-BF4B-00C04F79EFBC}") = "Sales.API", "Sales.API\Sales.API.csproj", "{D1826AD4-D954-4980-A5FA-7567563CCD35}"
EndProject
Project("{FAE04EC0-301F-11D3-BF4B-00C04F79EFBC}") = "Sales.Domain", "Sales.Domain\Sales.Domain.csproj", "{900BF739-3F13-48D6-87EF-083F3A3D1F62}"
EndProject
Project("{FAE04EC0-301F-11D3-BF4B-00C04F79EFBC}") = "Sales.Common", "Sales.Common\Sales.Common.csproj", "{C4D3920C-8834-4874-B081-7FEDE60BD9F7}"
EndProject
Global
	GlobalSection(SolutionConfigurationPlatforms) = preSolution
		Debug|Any CPU = Debug|Any CPU
		Debug|ARM = Debug|ARM
		Debug|iPhone = Debug|iPhone
		Debug|iPhoneSimulator = Debug|iPhoneSimulator
		Debug|x64 = Debug|x64
		Debug|x86 = Debug|x86
		Release|Any CPU = Release|Any CPU
		Release|ARM = Release|ARM
		Release|iPhone = Release|iPhone
		Release|iPhoneSimulator = Release|iPhoneSimulator
		Release|x64 = Release|x64
		Release|x86 = Release|x86
	EndGlobalSection
	GlobalSection(ProjectConfigurationPlatforms) = postSolution
		{098B8947-8463-44BE-988F-0EB4FA81DF1D}.Debug|Any CPU.ActiveCfg = Debug|x86
		{098B8947-8463-44BE-988F-0EB4FA81DF1D}.Debug|Any CPU.Build.0 = Debug|x86
		{098B8947-8463-44BE-988F-0EB4FA81DF1D}.Debug|Any CPU.Deploy.0 = Debug|x86
		{098B8947-8463-44BE-988F-0EB4FA81DF1D}.Debug|ARM.ActiveCfg = Debug|ARM
		{098B8947-8463-44BE-988F-0EB4FA81DF1D}.Debug|ARM.Build.0 = Debug|ARM
		{098B8947-8463-44BE-988F-0EB4FA81DF1D}.Debug|ARM.Deploy.0 = Debug|ARM
		{098B8947-8463-44BE-988F-0EB4FA81DF1D}.Debug|iPhone.ActiveCfg = Debug|x86
		{098B8947-8463-44BE-988F-0EB4FA81DF1D}.Debug|iPhone.Build.0 = Debug|x86
		{098B8947-8463-44BE-988F-0EB4FA81DF1D}.Debug|iPhone.Deploy.0 = Debug|x86
		{098B8947-8463-44BE-988F-0EB4FA81DF1D}.Debug|iPhoneSimulator.ActiveCfg = Debug|x86
		{098B8947-8463-44BE-988F-0EB4FA81DF1D}.Debug|iPhoneSimulator.Build.0 = Debug|x86
		{098B8947-8463-44BE-988F-0EB4FA81DF1D}.Debug|iPhoneSimulator.Deploy.0 = Debug|x86
		{098B8947-8463-44BE-988F-0EB4FA81DF1D}.Debug|x64.ActiveCfg = Debug|x64
		{098B8947-8463-44BE-988F-0EB4FA81DF1D}.Debug|x64.Build.0 = Debug|x64
		{098B8947-8463-44BE-988F-0EB4FA81DF1D}.Debug|x64.Deploy.0 = Debug|x64
		{098B8947-8463-44BE-988F-0EB4FA81DF1D}.Debug|x86.ActiveCfg = Debug|x86
		{098B8947-8463-44BE-988F-0EB4FA81DF1D}.Debug|x86.Build.0 = Debug|x86
		{098B8947-8463-44BE-988F-0EB4FA81DF1D}.Debug|x86.Deploy.0 = Debug|x86
		{098B8947-8463-44BE-988F-0EB4FA81DF1D}.Release|Any CPU.ActiveCfg = Release|x86
		{098B8947-8463-44BE-988F-0EB4FA81DF1D}.Release|Any CPU.Build.0 = Release|x86
		{098B8947-8463-44BE-988F-0EB4FA81DF1D}.Release|Any CPU.Deploy.0 = Release|x86
		{098B8947-8463-44BE-988F-0EB4FA81DF1D}.Release|ARM.ActiveCfg = Release|ARM
		{098B8947-8463-44BE-988F-0EB4FA81DF1D}.Release|ARM.Build.0 = Release|ARM
		{098B8947-8463-44BE-988F-0EB4FA81DF1D}.Release|ARM.Deploy.0 = Release|ARM
		{098B8947-8463-44BE-988F-0EB4FA81DF1D}.Release|iPhone.ActiveCfg = Release|x86
		{098B8947-8463-44BE-988F-0EB4FA81DF1D}.Release|iPhone.Build.0 = Release|x86
		{098B8947-8463-44BE-988F-0EB4FA81DF1D}.Release|iPhone.Deploy.0 = Release|x86
		{098B8947-8463-44BE-988F-0EB4FA81DF1D}.Release|iPhoneSimulator.ActiveCfg = Release|x86
		{098B8947-8463-44BE-988F-0EB4FA81DF1D}.Release|iPhoneSimulator.Build.0 = Release|x86
		{098B8947-8463-44BE-988F-0EB4FA81DF1D}.Release|iPhoneSimulator.Deploy.0 = Release|x86
		{098B8947-8463-44BE-988F-0EB4FA81DF1D}.Release|x64.ActiveCfg = Release|x64
		{098B8947-8463-44BE-988F-0EB4FA81DF1D}.Release|x64.Build.0 = Release|x64
		{098B8947-8463-44BE-988F-0EB4FA81DF1D}.Release|x64.Deploy.0 = Release|x64
		{098B8947-8463-44BE-988F-0EB4FA81DF1D}.Release|x86.ActiveCfg = Release|x86
		{098B8947-8463-44BE-988F-0EB4FA81DF1D}.Release|x86.Build.0 = Release|x86
		{098B8947-8463-44BE-988F-0EB4FA81DF1D}.Release|x86.Deploy.0 = Release|x86
		{185552C9-3C67-4B53-9BB0-0FA628798876}.Debug|Any CPU.ActiveCfg = Debug|Any CPU
		{185552C9-3C67-4B53-9BB0-0FA628798876}.Debug|Any CPU.Build.0 = Debug|Any CPU
		{185552C9-3C67-4B53-9BB0-0FA628798876}.Debug|Any CPU.Deploy.0 = Debug|Any CPU
		{185552C9-3C67-4B53-9BB0-0FA628798876}.Debug|ARM.ActiveCfg = Debug|Any CPU
		{185552C9-3C67-4B53-9BB0-0FA628798876}.Debug|ARM.Build.0 = Debug|Any CPU
		{185552C9-3C67-4B53-9BB0-0FA628798876}.Debug|ARM.Deploy.0 = Debug|Any CPU
		{185552C9-3C67-4B53-9BB0-0FA628798876}.Debug|iPhone.ActiveCfg = Debug|Any CPU
		{185552C9-3C67-4B53-9BB0-0FA628798876}.Debug|iPhone.Build.0 = Debug|Any CPU
		{185552C9-3C67-4B53-9BB0-0FA628798876}.Debug|iPhone.Deploy.0 = Debug|Any CPU
		{185552C9-3C67-4B53-9BB0-0FA628798876}.Debug|iPhoneSimulator.ActiveCfg = Debug|Any CPU
		{185552C9-3C67-4B53-9BB0-0FA628798876}.Debug|iPhoneSimulator.Build.0 = Debug|Any CPU
		{185552C9-3C67-4B53-9BB0-0FA628798876}.Debug|iPhoneSimulator.Deploy.0 = Debug|Any CPU
		{185552C9-3C67-4B53-9BB0-0FA628798876}.Debug|x64.ActiveCfg = Debug|Any CPU
		{185552C9-3C67-4B53-9BB0-0FA628798876}.Debug|x64.Build.0 = Debug|Any CPU
		{185552C9-3C67-4B53-9BB0-0FA628798876}.Debug|x64.Deploy.0 = Debug|Any CPU
		{185552C9-3C67-4B53-9BB0-0FA628798876}.Debug|x86.ActiveCfg = Debug|Any CPU
		{185552C9-3C67-4B53-9BB0-0FA628798876}.Debug|x86.Build.0 = Debug|Any CPU
		{185552C9-3C67-4B53-9BB0-0FA628798876}.Debug|x86.Deploy.0 = Debug|Any CPU
		{185552C9-3C67-4B53-9BB0-0FA628798876}.Release|Any CPU.ActiveCfg = Release|Any CPU
		{185552C9-3C67-4B53-9BB0-0FA628798876}.Release|Any CPU.Build.0 = Release|Any CPU
		{185552C9-3C67-4B53-9BB0-0FA628798876}.Release|Any CPU.Deploy.0 = Release|Any CPU
		{185552C9-3C67-4B53-9BB0-0FA628798876}.Release|ARM.ActiveCfg = Release|Any CPU
		{185552C9-3C67-4B53-9BB0-0FA628798876}.Release|ARM.Build.0 = Release|Any CPU
		{185552C9-3C67-4B53-9BB0-0FA628798876}.Release|ARM.Deploy.0 = Release|Any CPU
		{185552C9-3C67-4B53-9BB0-0FA628798876}.Release|iPhone.ActiveCfg = Release|Any CPU
		{185552C9-3C67-4B53-9BB0-0FA628798876}.Release|iPhone.Build.0 = Release|Any CPU
		{185552C9-3C67-4B53-9BB0-0FA628798876}.Release|iPhone.Deploy.0 = Release|Any CPU
		{185552C9-3C67-4B53-9BB0-0FA628798876}.Release|iPhoneSimulator.ActiveCfg = Release|Any CPU
		{185552C9-3C67-4B53-9BB0-0FA628798876}.Release|iPhoneSimulator.Build.0 = Release|Any CPU
		{185552C9-3C67-4B53-9BB0-0FA628798876}.Release|iPhoneSimulator.Deploy.0 = Release|Any CPU
		{185552C9-3C67-4B53-9BB0-0FA628798876}.Release|x64.ActiveCfg = Release|Any CPU
		{185552C9-3C67-4B53-9BB0-0FA628798876}.Release|x64.Build.0 = Release|Any CPU
		{185552C9-3C67-4B53-9BB0-0FA628798876}.Release|x64.Deploy.0 = Release|Any CPU
		{185552C9-3C67-4B53-9BB0-0FA628798876}.Release|x86.ActiveCfg = Release|Any CPU
		{185552C9-3C67-4B53-9BB0-0FA628798876}.Release|x86.Build.0 = Release|Any CPU
		{185552C9-3C67-4B53-9BB0-0FA628798876}.Release|x86.Deploy.0 = Release|Any CPU
		{DC8394E2-C5F8-4F78-ADC1-20BCC193CC18}.Debug|Any CPU.ActiveCfg = Debug|iPhoneSimulator
		{DC8394E2-C5F8-4F78-ADC1-20BCC193CC18}.Debug|Any CPU.Build.0 = Debug|iPhoneSimulator
		{DC8394E2-C5F8-4F78-ADC1-20BCC193CC18}.Debug|Any CPU.Deploy.0 = Debug|iPhoneSimulator
		{DC8394E2-C5F8-4F78-ADC1-20BCC193CC18}.Debug|ARM.ActiveCfg = Debug|iPhone
		{DC8394E2-C5F8-4F78-ADC1-20BCC193CC18}.Debug|ARM.Build.0 = Debug|iPhone
		{DC8394E2-C5F8-4F78-ADC1-20BCC193CC18}.Debug|ARM.Deploy.0 = Debug|iPhone
		{DC8394E2-C5F8-4F78-ADC1-20BCC193CC18}.Debug|iPhone.ActiveCfg = Debug|iPhone
		{DC8394E2-C5F8-4F78-ADC1-20BCC193CC18}.Debug|iPhone.Build.0 = Debug|iPhone
		{DC8394E2-C5F8-4F78-ADC1-20BCC193CC18}.Debug|iPhone.Deploy.0 = Debug|iPhone
		{DC8394E2-C5F8-4F78-ADC1-20BCC193CC18}.Debug|iPhoneSimulator.ActiveCfg = Debug|iPhoneSimulator
		{DC8394E2-C5F8-4F78-ADC1-20BCC193CC18}.Debug|iPhoneSimulator.Build.0 = Debug|iPhoneSimulator
		{DC8394E2-C5F8-4F78-ADC1-20BCC193CC18}.Debug|iPhoneSimulator.Deploy.0 = Debug|iPhoneSimulator
		{DC8394E2-C5F8-4F78-ADC1-20BCC193CC18}.Debug|x64.ActiveCfg = Debug|iPhoneSimulator
		{DC8394E2-C5F8-4F78-ADC1-20BCC193CC18}.Debug|x64.Build.0 = Debug|iPhoneSimulator
		{DC8394E2-C5F8-4F78-ADC1-20BCC193CC18}.Debug|x64.Deploy.0 = Debug|iPhoneSimulator
		{DC8394E2-C5F8-4F78-ADC1-20BCC193CC18}.Debug|x86.ActiveCfg = Debug|iPhoneSimulator
		{DC8394E2-C5F8-4F78-ADC1-20BCC193CC18}.Debug|x86.Build.0 = Debug|iPhoneSimulator
		{DC8394E2-C5F8-4F78-ADC1-20BCC193CC18}.Debug|x86.Deploy.0 = Debug|iPhoneSimulator
		{DC8394E2-C5F8-4F78-ADC1-20BCC193CC18}.Release|Any CPU.ActiveCfg = Release|iPhoneSimulator
		{DC8394E2-C5F8-4F78-ADC1-20BCC193CC18}.Release|Any CPU.Build.0 = Release|iPhoneSimulator
		{DC8394E2-C5F8-4F78-ADC1-20BCC193CC18}.Release|Any CPU.Deploy.0 = Release|iPhoneSimulator
		{DC8394E2-C5F8-4F78-ADC1-20BCC193CC18}.Release|ARM.ActiveCfg = Release|iPhoneSimulator
		{DC8394E2-C5F8-4F78-ADC1-20BCC193CC18}.Release|ARM.Build.0 = Release|iPhoneSimulator
		{DC8394E2-C5F8-4F78-ADC1-20BCC193CC18}.Release|ARM.Deploy.0 = Release|iPhoneSimulator
		{DC8394E2-C5F8-4F78-ADC1-20BCC193CC18}.Release|iPhone.ActiveCfg = Release|iPhone
		{DC8394E2-C5F8-4F78-ADC1-20BCC193CC18}.Release|iPhone.Build.0 = Release|iPhone
		{DC8394E2-C5F8-4F78-ADC1-20BCC193CC18}.Release|iPhone.Deploy.0 = Release|iPhone
		{DC8394E2-C5F8-4F78-ADC1-20BCC193CC18}.Release|iPhoneSimulator.ActiveCfg = Release|iPhoneSimulator
		{DC8394E2-C5F8-4F78-ADC1-20BCC193CC18}.Release|iPhoneSimulator.Build.0 = Release|iPhoneSimulator
		{DC8394E2-C5F8-4F78-ADC1-20BCC193CC18}.Release|iPhoneSimulator.Deploy.0 = Release|iPhoneSimulator
		{DC8394E2-C5F8-4F78-ADC1-20BCC193CC18}.Release|x64.ActiveCfg = Release|iPhoneSimulator
		{DC8394E2-C5F8-4F78-ADC1-20BCC193CC18}.Release|x64.Build.0 = Release|iPhoneSimulator
		{DC8394E2-C5F8-4F78-ADC1-20BCC193CC18}.Release|x64.Deploy.0 = Release|iPhoneSimulator
		{DC8394E2-C5F8-4F78-ADC1-20BCC193CC18}.Release|x86.ActiveCfg = Release|iPhoneSimulator
		{DC8394E2-C5F8-4F78-ADC1-20BCC193CC18}.Release|x86.Build.0 = Release|iPhoneSimulator
		{DC8394E2-C5F8-4F78-ADC1-20BCC193CC18}.Release|x86.Deploy.0 = Release|iPhoneSimulator
		{58339E0F-624B-4F71-AF74-0A82596C3A9A}.Debug|Any CPU.ActiveCfg = Debug|Any CPU
		{58339E0F-624B-4F71-AF74-0A82596C3A9A}.Debug|Any CPU.Build.0 = Debug|Any CPU
		{58339E0F-624B-4F71-AF74-0A82596C3A9A}.Debug|Any CPU.Deploy.0 = Debug|Any CPU
		{58339E0F-624B-4F71-AF74-0A82596C3A9A}.Debug|ARM.ActiveCfg = Debug|Any CPU
		{58339E0F-624B-4F71-AF74-0A82596C3A9A}.Debug|ARM.Build.0 = Debug|Any CPU
		{58339E0F-624B-4F71-AF74-0A82596C3A9A}.Debug|ARM.Deploy.0 = Debug|Any CPU
		{58339E0F-624B-4F71-AF74-0A82596C3A9A}.Debug|iPhone.ActiveCfg = Debug|Any CPU
		{58339E0F-624B-4F71-AF74-0A82596C3A9A}.Debug|iPhone.Build.0 = Debug|Any CPU
		{58339E0F-624B-4F71-AF74-0A82596C3A9A}.Debug|iPhone.Deploy.0 = Debug|Any CPU
		{58339E0F-624B-4F71-AF74-0A82596C3A9A}.Debug|iPhoneSimulator.ActiveCfg = Debug|Any CPU
		{58339E0F-624B-4F71-AF74-0A82596C3A9A}.Debug|iPhoneSimulator.Build.0 = Debug|Any CPU
		{58339E0F-624B-4F71-AF74-0A82596C3A9A}.Debug|iPhoneSimulator.Deploy.0 = Debug|Any CPU
		{58339E0F-624B-4F71-AF74-0A82596C3A9A}.Debug|x64.ActiveCfg = Debug|Any CPU
		{58339E0F-624B-4F71-AF74-0A82596C3A9A}.Debug|x64.Build.0 = Debug|Any CPU
		{58339E0F-624B-4F71-AF74-0A82596C3A9A}.Debug|x64.Deploy.0 = Debug|Any CPU
		{58339E0F-624B-4F71-AF74-0A82596C3A9A}.Debug|x86.ActiveCfg = Debug|Any CPU
		{58339E0F-624B-4F71-AF74-0A82596C3A9A}.Debug|x86.Build.0 = Debug|Any CPU
		{58339E0F-624B-4F71-AF74-0A82596C3A9A}.Debug|x86.Deploy.0 = Debug|Any CPU
		{58339E0F-624B-4F71-AF74-0A82596C3A9A}.Release|Any CPU.ActiveCfg = Release|Any CPU
		{58339E0F-624B-4F71-AF74-0A82596C3A9A}.Release|Any CPU.Build.0 = Release|Any CPU
		{58339E0F-624B-4F71-AF74-0A82596C3A9A}.Release|Any CPU.Deploy.0 = Release|Any CPU
		{58339E0F-624B-4F71-AF74-0A82596C3A9A}.Release|ARM.ActiveCfg = Release|Any CPU
		{58339E0F-624B-4F71-AF74-0A82596C3A9A}.Release|ARM.Build.0 = Release|Any CPU
		{58339E0F-624B-4F71-AF74-0A82596C3A9A}.Release|ARM.Deploy.0 = Release|Any CPU
		{58339E0F-624B-4F71-AF74-0A82596C3A9A}.Release|iPhone.ActiveCfg = Release|Any CPU
		{58339E0F-624B-4F71-AF74-0A82596C3A9A}.Release|iPhone.Build.0 = Release|Any CPU
		{58339E0F-624B-4F71-AF74-0A82596C3A9A}.Release|iPhone.Deploy.0 = Release|Any CPU
		{58339E0F-624B-4F71-AF74-0A82596C3A9A}.Release|iPhoneSimulator.ActiveCfg = Release|Any CPU
		{58339E0F-624B-4F71-AF74-0A82596C3A9A}.Release|iPhoneSimulator.Build.0 = Release|Any CPU
		{58339E0F-624B-4F71-AF74-0A82596C3A9A}.Release|iPhoneSimulator.Deploy.0 = Release|Any CPU
		{58339E0F-624B-4F71-AF74-0A82596C3A9A}.Release|x64.ActiveCfg = Release|Any CPU
		{58339E0F-624B-4F71-AF74-0A82596C3A9A}.Release|x64.Build.0 = Release|Any CPU
		{58339E0F-624B-4F71-AF74-0A82596C3A9A}.Release|x64.Deploy.0 = Release|Any CPU
		{58339E0F-624B-4F71-AF74-0A82596C3A9A}.Release|x86.ActiveCfg = Release|Any CPU
		{58339E0F-624B-4F71-AF74-0A82596C3A9A}.Release|x86.Build.0 = Release|Any CPU
		{58339E0F-624B-4F71-AF74-0A82596C3A9A}.Release|x86.Deploy.0 = Release|Any CPU
		{43D6ECA5-E701-48E2-8ABB-D1D68880023B}.Debug|Any CPU.ActiveCfg = Debug|Any CPU
		{43D6ECA5-E701-48E2-8ABB-D1D68880023B}.Debug|Any CPU.Build.0 = Debug|Any CPU
		{43D6ECA5-E701-48E2-8ABB-D1D68880023B}.Debug|ARM.ActiveCfg = Debug|Any CPU
		{43D6ECA5-E701-48E2-8ABB-D1D68880023B}.Debug|ARM.Build.0 = Debug|Any CPU
		{43D6ECA5-E701-48E2-8ABB-D1D68880023B}.Debug|iPhone.ActiveCfg = Debug|Any CPU
		{43D6ECA5-E701-48E2-8ABB-D1D68880023B}.Debug|iPhone.Build.0 = Debug|Any CPU
		{43D6ECA5-E701-48E2-8ABB-D1D68880023B}.Debug|iPhoneSimulator.ActiveCfg = Debug|Any CPU
		{43D6ECA5-E701-48E2-8ABB-D1D68880023B}.Debug|iPhoneSimulator.Build.0 = Debug|Any CPU
		{43D6ECA5-E701-48E2-8ABB-D1D68880023B}.Debug|x64.ActiveCfg = Debug|Any CPU
		{43D6ECA5-E701-48E2-8ABB-D1D68880023B}.Debug|x64.Build.0 = Debug|Any CPU
		{43D6ECA5-E701-48E2-8ABB-D1D68880023B}.Debug|x86.ActiveCfg = Debug|Any CPU
		{43D6ECA5-E701-48E2-8ABB-D1D68880023B}.Debug|x86.Build.0 = Debug|Any CPU
		{43D6ECA5-E701-48E2-8ABB-D1D68880023B}.Release|Any CPU.ActiveCfg = Release|Any CPU
		{43D6ECA5-E701-48E2-8ABB-D1D68880023B}.Release|Any CPU.Build.0 = Release|Any CPU
		{43D6ECA5-E701-48E2-8ABB-D1D68880023B}.Release|ARM.ActiveCfg = Release|Any CPU
		{43D6ECA5-E701-48E2-8ABB-D1D68880023B}.Release|ARM.Build.0 = Release|Any CPU
		{43D6ECA5-E701-48E2-8ABB-D1D68880023B}.Release|iPhone.ActiveCfg = Release|Any CPU
		{43D6ECA5-E701-48E2-8ABB-D1D68880023B}.Release|iPhone.Build.0 = Release|Any CPU
		{43D6ECA5-E701-48E2-8ABB-D1D68880023B}.Release|iPhoneSimulator.ActiveCfg = Release|Any CPU
		{43D6ECA5-E701-48E2-8ABB-D1D68880023B}.Release|iPhoneSimulator.Build.0 = Release|Any CPU
		{43D6ECA5-E701-48E2-8ABB-D1D68880023B}.Release|x64.ActiveCfg = Release|Any CPU
		{43D6ECA5-E701-48E2-8ABB-D1D68880023B}.Release|x64.Build.0 = Release|Any CPU
		{43D6ECA5-E701-48E2-8ABB-D1D68880023B}.Release|x86.ActiveCfg = Release|Any CPU
		{43D6ECA5-E701-48E2-8ABB-D1D68880023B}.Release|x86.Build.0 = Release|Any CPU
		{D1826AD4-D954-4980-A5FA-7567563CCD35}.Debug|Any CPU.ActiveCfg = Debug|Any CPU
		{D1826AD4-D954-4980-A5FA-7567563CCD35}.Debug|Any CPU.Build.0 = Debug|Any CPU
		{D1826AD4-D954-4980-A5FA-7567563CCD35}.Debug|ARM.ActiveCfg = Debug|Any CPU
		{D1826AD4-D954-4980-A5FA-7567563CCD35}.Debug|ARM.Build.0 = Debug|Any CPU
		{D1826AD4-D954-4980-A5FA-7567563CCD35}.Debug|iPhone.ActiveCfg = Debug|Any CPU
		{D1826AD4-D954-4980-A5FA-7567563CCD35}.Debug|iPhone.Build.0 = Debug|Any CPU
		{D1826AD4-D954-4980-A5FA-7567563CCD35}.Debug|iPhoneSimulator.ActiveCfg = Debug|Any CPU
		{D1826AD4-D954-4980-A5FA-7567563CCD35}.Debug|iPhoneSimulator.Build.0 = Debug|Any CPU
		{D1826AD4-D954-4980-A5FA-7567563CCD35}.Debug|x64.ActiveCfg = Debug|Any CPU
		{D1826AD4-D954-4980-A5FA-7567563CCD35}.Debug|x64.Build.0 = Debug|Any CPU
		{D1826AD4-D954-4980-A5FA-7567563CCD35}.Debug|x86.ActiveCfg = Debug|Any CPU
		{D1826AD4-D954-4980-A5FA-7567563CCD35}.Debug|x86.Build.0 = Debug|Any CPU
		{D1826AD4-D954-4980-A5FA-7567563CCD35}.Release|Any CPU.ActiveCfg = Release|Any CPU
		{D1826AD4-D954-4980-A5FA-7567563CCD35}.Release|Any CPU.Build.0 = Release|Any CPU
		{D1826AD4-D954-4980-A5FA-7567563CCD35}.Release|ARM.ActiveCfg = Release|Any CPU
		{D1826AD4-D954-4980-A5FA-7567563CCD35}.Release|ARM.Build.0 = Release|Any CPU
		{D1826AD4-D954-4980-A5FA-7567563CCD35}.Release|iPhone.ActiveCfg = Release|Any CPU
		{D1826AD4-D954-4980-A5FA-7567563CCD35}.Release|iPhone.Build.0 = Release|Any CPU
		{D1826AD4-D954-4980-A5FA-7567563CCD35}.Release|iPhoneSimulator.ActiveCfg = Release|Any CPU
		{D1826AD4-D954-4980-A5FA-7567563CCD35}.Release|iPhoneSimulator.Build.0 = Release|Any CPU
		{D1826AD4-D954-4980-A5FA-7567563CCD35}.Release|x64.ActiveCfg = Release|Any CPU
		{D1826AD4-D954-4980-A5FA-7567563CCD35}.Release|x64.Build.0 = Release|Any CPU
		{D1826AD4-D954-4980-A5FA-7567563CCD35}.Release|x86.ActiveCfg = Release|Any CPU
		{D1826AD4-D954-4980-A5FA-7567563CCD35}.Release|x86.Build.0 = Release|Any CPU
		{900BF739-3F13-48D6-87EF-083F3A3D1F62}.Debug|Any CPU.ActiveCfg = Debug|Any CPU
		{900BF739-3F13-48D6-87EF-083F3A3D1F62}.Debug|Any CPU.Build.0 = Debug|Any CPU
		{900BF739-3F13-48D6-87EF-083F3A3D1F62}.Debug|ARM.ActiveCfg = Debug|Any CPU
		{900BF739-3F13-48D6-87EF-083F3A3D1F62}.Debug|ARM.Build.0 = Debug|Any CPU
		{900BF739-3F13-48D6-87EF-083F3A3D1F62}.Debug|iPhone.ActiveCfg = Debug|Any CPU
		{900BF739-3F13-48D6-87EF-083F3A3D1F62}.Debug|iPhone.Build.0 = Debug|Any CPU
		{900BF739-3F13-48D6-87EF-083F3A3D1F62}.Debug|iPhoneSimulator.ActiveCfg = Debug|Any CPU
		{900BF739-3F13-48D6-87EF-083F3A3D1F62}.Debug|iPhoneSimulator.Build.0 = Debug|Any CPU
		{900BF739-3F13-48D6-87EF-083F3A3D1F62}.Debug|x64.ActiveCfg = Debug|Any CPU
		{900BF739-3F13-48D6-87EF-083F3A3D1F62}.Debug|x64.Build.0 = Debug|Any CPU
		{900BF739-3F13-48D6-87EF-083F3A3D1F62}.Debug|x86.ActiveCfg = Debug|Any CPU
		{900BF739-3F13-48D6-87EF-083F3A3D1F62}.Debug|x86.Build.0 = Debug|Any CPU
		{900BF739-3F13-48D6-87EF-083F3A3D1F62}.Release|Any CPU.ActiveCfg = Release|Any CPU
		{900BF739-3F13-48D6-87EF-083F3A3D1F62}.Release|Any CPU.Build.0 = Release|Any CPU
		{900BF739-3F13-48D6-87EF-083F3A3D1F62}.Release|ARM.ActiveCfg = Release|Any CPU
		{900BF739-3F13-48D6-87EF-083F3A3D1F62}.Release|ARM.Build.0 = Release|Any CPU
		{900BF739-3F13-48D6-87EF-083F3A3D1F62}.Release|iPhone.ActiveCfg = Release|Any CPU
		{900BF739-3F13-48D6-87EF-083F3A3D1F62}.Release|iPhone.Build.0 = Release|Any CPU
		{900BF739-3F13-48D6-87EF-083F3A3D1F62}.Release|iPhoneSimulator.ActiveCfg = Release|Any CPU
		{900BF739-3F13-48D6-87EF-083F3A3D1F62}.Release|iPhoneSimulator.Build.0 = Release|Any CPU
		{900BF739-3F13-48D6-87EF-083F3A3D1F62}.Release|x64.ActiveCfg = Release|Any CPU
		{900BF739-3F13-48D6-87EF-083F3A3D1F62}.Release|x64.Build.0 = Release|Any CPU
		{900BF739-3F13-48D6-87EF-083F3A3D1F62}.Release|x86.ActiveCfg = Release|Any CPU
		{900BF739-3F13-48D6-87EF-083F3A3D1F62}.Release|x86.Build.0 = Release|Any CPU
		{C4D3920C-8834-4874-B081-7FEDE60BD9F7}.Debug|Any CPU.ActiveCfg = Debug|Any CPU
		{C4D3920C-8834-4874-B081-7FEDE60BD9F7}.Debug|Any CPU.Build.0 = Debug|Any CPU
		{C4D3920C-8834-4874-B081-7FEDE60BD9F7}.Debug|ARM.ActiveCfg = Debug|Any CPU
		{C4D3920C-8834-4874-B081-7FEDE60BD9F7}.Debug|ARM.Build.0 = Debug|Any CPU
		{C4D3920C-8834-4874-B081-7FEDE60BD9F7}.Debug|iPhone.ActiveCfg = Debug|Any CPU
		{C4D3920C-8834-4874-B081-7FEDE60BD9F7}.Debug|iPhone.Build.0 = Debug|Any CPU
		{C4D3920C-8834-4874-B081-7FEDE60BD9F7}.Debug|iPhoneSimulator.ActiveCfg = Debug|Any CPU
		{C4D3920C-8834-4874-B081-7FEDE60BD9F7}.Debug|iPhoneSimulator.Build.0 = Debug|Any CPU
		{C4D3920C-8834-4874-B081-7FEDE60BD9F7}.Debug|x64.ActiveCfg = Debug|Any CPU
		{C4D3920C-8834-4874-B081-7FEDE60BD9F7}.Debug|x64.Build.0 = Debug|Any CPU
		{C4D3920C-8834-4874-B081-7FEDE60BD9F7}.Debug|x86.ActiveCfg = Debug|Any CPU
		{C4D3920C-8834-4874-B081-7FEDE60BD9F7}.Debug|x86.Build.0 = Debug|Any CPU
		{C4D3920C-8834-4874-B081-7FEDE60BD9F7}.Release|Any CPU.ActiveCfg = Release|Any CPU
		{C4D3920C-8834-4874-B081-7FEDE60BD9F7}.Release|Any CPU.Build.0 = Release|Any CPU
		{C4D3920C-8834-4874-B081-7FEDE60BD9F7}.Release|ARM.ActiveCfg = Release|Any CPU
		{C4D3920C-8834-4874-B081-7FEDE60BD9F7}.Release|ARM.Build.0 = Release|Any CPU
		{C4D3920C-8834-4874-B081-7FEDE60BD9F7}.Release|iPhone.ActiveCfg = Release|Any CPU
		{C4D3920C-8834-4874-B081-7FEDE60BD9F7}.Release|iPhone.Build.0 = Release|Any CPU
		{C4D3920C-8834-4874-B081-7FEDE60BD9F7}.Release|iPhoneSimulator.ActiveCfg = Release|Any CPU
		{C4D3920C-8834-4874-B081-7FEDE60BD9F7}.Release|iPhoneSimulator.Build.0 = Release|Any CPU
		{C4D3920C-8834-4874-B081-7FEDE60BD9F7}.Release|x64.ActiveCfg = Release|Any CPU
		{C4D3920C-8834-4874-B081-7FEDE60BD9F7}.Release|x64.Build.0 = Release|Any CPU
		{C4D3920C-8834-4874-B081-7FEDE60BD9F7}.Release|x86.ActiveCfg = Release|Any CPU
		{C4D3920C-8834-4874-B081-7FEDE60BD9F7}.Release|x86.Build.0 = Release|Any CPU
	EndGlobalSection
	GlobalSection(SolutionProperties) = preSolution
		HideSolutionNode = FALSE
	EndGlobalSection
	GlobalSection(ExtensibilityGlobals) = postSolution
		SolutionGuid = {CB4950EF-2154-40B0-9CD8-BB03B50171DD}
	EndGlobalSection
EndGlobal
